// !$*UTF8*$!
{
	archiveVersion = 1;
	classes = {
	};
	objectVersion = 46;
	objects = {

/* Begin PBXBuildFile section */
		DBAD368F1A3ADF1300E13DBD /* MultivariatePolynomialFunction.h in Headers */ = {isa = PBXBuildFile; fileRef = DBAD368D1A3ADF1300E13DBD /* MultivariatePolynomialFunction.h */; };
		DBC798591A3A88E3003E7EC8 /* BitVector.h in Headers */ = {isa = PBXBuildFile; fileRef = DBC798331A3A7CA0003E7EC8 /* BitVector.h */; settings = {ATTRIBUTES = (Public, ); }; };
		DBFB97ED1A7811F500C95684 /* BitMatrix.h in Headers */ = {isa = PBXBuildFile; fileRef = DBFB97EC1A7811F500C95684 /* BitMatrix.h */; };
/* End PBXBuildFile section */

/* Begin PBXContainerItemProxy section */
		DBAD36871A3A9EAF00E13DBD /* PBXContainerItemProxy */ = {
			isa = PBXContainerItemProxy;
			containerPortal = DBAD36831A3A9EAE00E13DBD /* krypto-cli.xcodeproj */;
			proxyType = 2;
			remoteGlobalIDString = DBAD36791A3A9EAE00E13DBD;
			remoteInfo = "krypto-cli";
		};
/* End PBXContainerItemProxy section */

/* Begin PBXFileReference section */
		DBAD36831A3A9EAE00E13DBD /* krypto-cli.xcodeproj */ = {isa = PBXFileReference; lastKnownFileType = "wrapper.pb-project"; name = "krypto-cli.xcodeproj"; path = "../krypto-cli/krypto-cli.xcodeproj"; sourceTree = "<group>"; };
		DBAD368D1A3ADF1300E13DBD /* MultivariatePolynomialFunction.h */ = {isa = PBXFileReference; fileEncoding = 4; lastKnownFileType = sourcecode.c.h; path = MultivariatePolynomialFunction.h; sourceTree = "<group>"; };
		DBC7982C1A3A7C73003E7EC8 /* libkrypto.a */ = {isa = PBXFileReference; explicitFileType = archive.ar; includeInIndex = 0; path = libkrypto.a; sourceTree = BUILT_PRODUCTS_DIR; };
		DBC798331A3A7CA0003E7EC8 /* BitVector.h */ = {isa = PBXFileReference; lastKnownFileType = sourcecode.c.h; path = BitVector.h; sourceTree = "<group>"; };
		DBFB97EC1A7811F500C95684 /* BitMatrix.h */ = {isa = PBXFileReference; fileEncoding = 4; lastKnownFileType = sourcecode.c.h; path = BitMatrix.h; sourceTree = "<group>"; };
/* End PBXFileReference section */

/* Begin PBXFrameworksBuildPhase section */
		DBC798291A3A7C72003E7EC8 /* Frameworks */ = {
			isa = PBXFrameworksBuildPhase;
			buildActionMask = 2147483647;
			files = (
			);
			runOnlyForDeploymentPostprocessing = 0;
		};
/* End PBXFrameworksBuildPhase section */

/* Begin PBXGroup section */
		DBAD36841A3A9EAE00E13DBD /* Products */ = {
			isa = PBXGroup;
			children = (
				DBAD36881A3A9EAF00E13DBD /* krypto-cli */,
			);
			name = Products;
			sourceTree = "<group>";
		};
		DBC798231A3A7C72003E7EC8 = {
			isa = PBXGroup;
			children = (
				DBFB97EC1A7811F500C95684 /* BitMatrix.h */,
				DBAD368D1A3ADF1300E13DBD /* MultivariatePolynomialFunction.h */,
				DBAD36831A3A9EAE00E13DBD /* krypto-cli.xcodeproj */,
				DBC798331A3A7CA0003E7EC8 /* BitVector.h */,
				DBC7982D1A3A7C73003E7EC8 /* Products */,
			);
			sourceTree = "<group>";
		};
		DBC7982D1A3A7C73003E7EC8 /* Products */ = {
			isa = PBXGroup;
			children = (
				DBC7982C1A3A7C73003E7EC8 /* libkrypto.a */,
			);
			name = Products;
			sourceTree = "<group>";
		};
/* End PBXGroup section */

/* Begin PBXHeadersBuildPhase section */
		DBC7982A1A3A7C72003E7EC8 /* Headers */ = {
			isa = PBXHeadersBuildPhase;
			buildActionMask = 2147483647;
			files = (
				DBFB97ED1A7811F500C95684 /* BitMatrix.h in Headers */,
				DBAD368F1A3ADF1300E13DBD /* MultivariatePolynomialFunction.h in Headers */,
				DBC798591A3A88E3003E7EC8 /* BitVector.h in Headers */,
			);
			runOnlyForDeploymentPostprocessing = 0;
		};
/* End PBXHeadersBuildPhase section */

/* Begin PBXNativeTarget section */
		DBC7982B1A3A7C72003E7EC8 /* krypto */ = {
			isa = PBXNativeTarget;
			buildConfigurationList = DBC798301A3A7C73003E7EC8 /* Build configuration list for PBXNativeTarget "krypto" */;
			buildPhases = (
				DBC798281A3A7C72003E7EC8 /* Sources */,
				DBC798291A3A7C72003E7EC8 /* Frameworks */,
				DBC7982A1A3A7C72003E7EC8 /* Headers */,
			);
			buildRules = (
			);
			dependencies = (
			);
			name = krypto;
			productName = krypto;
			productReference = DBC7982C1A3A7C73003E7EC8 /* libkrypto.a */;
			productType = "com.apple.product-type.library.static";
		};
/* End PBXNativeTarget section */

/* Begin PBXProject section */
		DBC798241A3A7C72003E7EC8 /* Project object */ = {
			isa = PBXProject;
			attributes = {
				LastUpgradeCheck = 0610;
				ORGANIZATIONNAME = Kryptnostic;
				TargetAttributes = {
					DBC7982B1A3A7C72003E7EC8 = {
						CreatedOnToolsVersion = 6.1.1;
					};
				};
			};
			buildConfigurationList = DBC798271A3A7C72003E7EC8 /* Build configuration list for PBXProject "krypto" */;
			compatibilityVersion = "Xcode 3.2";
			developmentRegion = English;
			hasScannedForEncodings = 0;
			knownRegions = (
				en,
			);
			mainGroup = DBC798231A3A7C72003E7EC8;
			productRefGroup = DBC7982D1A3A7C73003E7EC8 /* Products */;
			projectDirPath = "";
			projectReferences = (
				{
					ProductGroup = DBAD36841A3A9EAE00E13DBD /* Products */;
					ProjectRef = DBAD36831A3A9EAE00E13DBD /* krypto-cli.xcodeproj */;
				},
			);
			projectRoot = "";
			targets = (
				DBC7982B1A3A7C72003E7EC8 /* krypto */,
			);
		};
/* End PBXProject section */

/* Begin PBXReferenceProxy section */
		DBAD36881A3A9EAF00E13DBD /* krypto-cli */ = {
			isa = PBXReferenceProxy;
			fileType = "compiled.mach-o.executable";
			path = "krypto-cli";
			remoteRef = DBAD36871A3A9EAF00E13DBD /* PBXContainerItemProxy */;
			sourceTree = BUILT_PRODUCTS_DIR;
		};
/* End PBXReferenceProxy section */

/* Begin PBXSourcesBuildPhase section */
		DBC798281A3A7C72003E7EC8 /* Sources */ = {
			isa = PBXSourcesBuildPhase;
			buildActionMask = 2147483647;
			files = (
			);
			runOnlyForDeploymentPostprocessing = 0;
		};
/* End PBXSourcesBuildPhase section */

/* Begin XCBuildConfiguration section */
		DBC7982E1A3A7C73003E7EC8 /* Debug */ = {
			isa = XCBuildConfiguration;
			buildSettings = {
				ALWAYS_SEARCH_USER_PATHS = NO;
				CLANG_CXX_LANGUAGE_STANDARD = "gnu++0x";
				CLANG_CXX_LIBRARY = "libc++";
				CLANG_ENABLE_MODULES = YES;
				CLANG_ENABLE_OBJC_ARC = YES;
				CLANG_WARN_BOOL_CONVERSION = YES;
				CLANG_WARN_CONSTANT_CONVERSION = YES;
				CLANG_WARN_DIRECT_OBJC_ISA_USAGE = YES_ERROR;
				CLANG_WARN_EMPTY_BODY = YES;
				CLANG_WARN_ENUM_CONVERSION = YES;
				CLANG_WARN_INT_CONVERSION = YES;
				CLANG_WARN_OBJC_ROOT_CLASS = YES_ERROR;
				CLANG_WARN_UNREACHABLE_CODE = YES;
				CLANG_WARN__DUPLICATE_METHOD_MATCH = YES;
				COPY_PHASE_STRIP = NO;
				ENABLE_STRICT_OBJC_MSGSEND = YES;
				GCC_C_LANGUAGE_STANDARD = gnu99;
				GCC_DYNAMIC_NO_PIC = NO;
				GCC_OPTIMIZATION_LEVEL = 0;
				GCC_PREPROCESSOR_DEFINITIONS = (
					"DEBUG=1",
					"$(inherited)",
				);
				GCC_SYMBOLS_PRIVATE_EXTERN = NO;
				GCC_WARN_64_TO_32_BIT_CONVERSION = YES;
				GCC_WARN_ABOUT_RETURN_TYPE = YES_ERROR;
				GCC_WARN_UNDECLARED_SELECTOR = YES;
				GCC_WARN_UNINITIALIZED_AUTOS = YES_AGGRESSIVE;
				GCC_WARN_UNUSED_FUNCTION = YES;
				GCC_WARN_UNUSED_VARIABLE = YES;
				MACOSX_DEPLOYMENT_TARGET = 10.9;
				MTL_ENABLE_DEBUG_INFO = YES;
				ONLY_ACTIVE_ARCH = YES;
				SDKROOT = macosx;
			};
			name = Debug;
		};
		DBC7982F1A3A7C73003E7EC8 /* Release */ = {
			isa = XCBuildConfiguration;
			buildSettings = {
				ALWAYS_SEARCH_USER_PATHS = NO;
				CLANG_CXX_LANGUAGE_STANDARD = "gnu++0x";
				CLANG_CXX_LIBRARY = "libc++";
				CLANG_ENABLE_MODULES = YES;
				CLANG_ENABLE_OBJC_ARC = YES;
				CLANG_WARN_BOOL_CONVERSION = YES;
				CLANG_WARN_CONSTANT_CONVERSION = YES;
				CLANG_WARN_DIRECT_OBJC_ISA_USAGE = YES_ERROR;
				CLANG_WARN_EMPTY_BODY = YES;
				CLANG_WARN_ENUM_CONVERSION = YES;
				CLANG_WARN_INT_CONVERSION = YES;
				CLANG_WARN_OBJC_ROOT_CLASS = YES_ERROR;
				CLANG_WARN_UNREACHABLE_CODE = YES;
				CLANG_WARN__DUPLICATE_METHOD_MATCH = YES;
				COPY_PHASE_STRIP = YES;
				DEBUG_INFORMATION_FORMAT = "dwarf-with-dsym";
				ENABLE_NS_ASSERTIONS = NO;
				ENABLE_STRICT_OBJC_MSGSEND = YES;
				GCC_C_LANGUAGE_STANDARD = gnu99;
				GCC_WARN_64_TO_32_BIT_CONVERSION = YES;
				GCC_WARN_ABOUT_RETURN_TYPE = YES_ERROR;
				GCC_WARN_UNDECLARED_SELECTOR = YES;
				GCC_WARN_UNINITIALIZED_AUTOS = YES_AGGRESSIVE;
				GCC_WARN_UNUSED_FUNCTION = YES;
				GCC_WARN_UNUSED_VARIABLE = YES;
				MACOSX_DEPLOYMENT_TARGET = 10.9;
				MTL_ENABLE_DEBUG_INFO = NO;
				SDKROOT = macosx;
			};
			name = Release;
		};
		DBC798311A3A7C73003E7EC8 /* Debug */ = {
			isa = XCBuildConfiguration;
			buildSettings = {
				CLANG_CXX_LANGUAGE_STANDARD = "gnu++14";
				CLANG_X86_VECTOR_INSTRUCTIONS = avx;
				EXECUTABLE_PREFIX = lib;
				PRODUCT_NAME = "$(TARGET_NAME)";
			};
			name = Debug;
		};
		DBC798321A3A7C73003E7EC8 /* Release */ = {
			isa = XCBuildConfiguration;
			buildSettings = {
				CLANG_CXX_LANGUAGE_STANDARD = "gnu++14";
				CLANG_X86_VECTOR_INSTRUCTIONS = avx;
				EXECUTABLE_PREFIX = lib;
				GCC_OPTIMIZATION_LEVEL = fast;
				GCC_UNROLL_LOOPS = YES;
				LLVM_LTO = YES;
				ONLY_ACTIVE_ARCH = YES;
				PRODUCT_NAME = "$(TARGET_NAME)";
			};
			name = Release;
		};
/* End XCBuildConfiguration section */

/* Begin XCConfigurationList section */
		DBC798271A3A7C72003E7EC8 /* Build configuration list for PBXProject "krypto" */ = {
			isa = XCConfigurationList;
			buildConfigurations = (
				DBC7982E1A3A7C73003E7EC8 /* Debug */,
				DBC7982F1A3A7C73003E7EC8 /* Release */,
			);
			defaultConfigurationIsVisible = 0;
			defaultConfigurationName = Release;
		};
		DBC798301A3A7C73003E7EC8 /* Build configuration list for PBXNativeTarget "krypto" */ = {
			isa = XCConfigurationList;
			buildConfigurations = (
				DBC798311A3A7C73003E7EC8 /* Debug */,
				DBC798321A3A7C73003E7EC8 /* Release */,
			);
			defaultConfigurationIsVisible = 0;
			defaultConfigurationName = Release;
		};
/* End XCConfigurationList section */
	};
	rootObject = DBC798241A3A7C72003E7EC8 /* Project object */;
}
